
Microsoft Visual Studio Solution File, Format Version 12.00
# Visual Studio Version 17
VisualStudioVersion = 17.9.34728.123
MinimumVisualStudioVersion = 10.0.40219.1
Project("{8BC9CEB8-8B4A-11D0-8D11-00A0C91BC942}") = "RestaurantBooking", "RestaurantBooking\RestaurantBooking.vcxproj", "{76C42284-F045-4580-B80A-BECA4254C21E}"
EndProject
Global
	GlobalSection(SolutionConfigurationPlatforms) = preSolution
		Debug|x64 = Debug|x64
		Debug|x86 = Debug|x86
		Release|x64 = Release|x64
		Release|x86 = Release|x86
	EndGlobalSection
	GlobalSection(ProjectConfigurationPlatforms) = postSolution
		{76C42284-F045-4580-B80A-BECA4254C21E}.Debug|x64.ActiveCfg = Debug|x64
		{76C42284-F045-4580-B80A-BECA4254C21E}.Debug|x64.Build.0 = Debug|x64
		{76C42284-F045-4580-B80A-BECA4254C21E}.Debug|x86.ActiveCfg = Debug|Win32
		{76C42284-F045-4580-B80A-BECA4254C21E}.Debug|x86.Build.0 = Debug|Win32
		{76C42284-F045-4580-B80A-BECA4254C21E}.Release|x64.ActiveCfg = Release|x64
		{76C42284-F045-4580-B80A-BECA4254C21E}.Release|x64.Build.0 = Release|x64
		{76C42284-F045-4580-B80A-BECA4254C21E}.Release|x86.ActiveCfg = Release|Win32
		{76C42284-F045-4580-B80A-BECA4254C21E}.Release|x86.Build.0 = Release|Win32
	EndGlobalSection
	GlobalSection(SolutionProperties) = preSolution
		HideSolutionNode = FALSE
	EndGlobalSection
	GlobalSection(ExtensibilityGlobals) = postSolution
		SolutionGuid = {739934B2-3ED8-4484-B1E7-2DCD587462DA}
	EndGlobalSection
EndGlobal
